
Microsoft Visual Studio Solution File, Format Version 12.00
# Visual Studio Version 17
VisualStudioVersion = 17.4.33122.133
MinimumVisualStudioVersion = 10.0.40219.1
Project("{FAE04EC0-301F-11D3-BF4B-00C04F79EFBC}") = "ShoesStore", "ShoesStore\ShoesStore.csproj", "{26EE4FE7-537D-43B1-81D7-8A7407E3ACCC}"
EndProject
Global
	GlobalSection(SolutionConfigurationPlatforms) = preSolution
		Debug|Any CPU = Debug|Any CPU
		Release|Any CPU = Release|Any CPU
	EndGlobalSection
	GlobalSection(ProjectConfigurationPlatforms) = postSolution
		{26EE4FE7-537D-43B1-81D7-8A7407E3ACCC}.Debug|Any CPU.ActiveCfg = Debug|Any CPU
		{26EE4FE7-537D-43B1-81D7-8A7407E3ACCC}.Debug|Any CPU.Build.0 = Debug|Any CPU
		{26EE4FE7-537D-43B1-81D7-8A7407E3ACCC}.Release|Any CPU.ActiveCfg = Release|Any CPU
		{26EE4FE7-537D-43B1-81D7-8A7407E3ACCC}.Release|Any CPU.Build.0 = Release|Any CPU
	EndGlobalSection
	GlobalSection(SolutionProperties) = preSolution
		HideSolutionNode = FALSE
	EndGlobalSection
	GlobalSection(ExtensibilityGlobals) = postSolution
		SolutionGuid = {EEDC5ED4-7DF3-441D-A836-57A071D6F4BC}
	EndGlobalSection
EndGlobal
